
Microsoft Visual Studio Solution File, Format Version 12.00
# Visual Studio Version 17
VisualStudioVersion = 17.0.32014.148
MinimumVisualStudioVersion = 10.0.40219.1
Project("{2150E333-8FDC-42A3-9474-1A3956D46DE8}") = "root", "root", "{75671C55-3D6E-432C-A641-0F6EAAA4D30D}"
	ProjectSection(SolutionItems) = preProject
		..\.gitignore = ..\.gitignore
		..\docker-compose.yaml = ..\docker-compose.yaml
		..\README.md = ..\README.md
	EndProjectSection
EndProject
Project("{FAE04EC0-301F-11D3-BF4B-00C04F79EFBC}") = "DBridge.Messaging.KafkaConsumer", "src\DBridge.Messaging.KafkaConsumer\DBridge.Messaging.KafkaConsumer.csproj", "{EC75A9C3-0BD3-496A-9760-A3A670E9F51B}"
EndProject
Project("{FAE04EC0-301F-11D3-BF4B-00C04F79EFBC}") = "DBridge.Messaging.KafkaProducer", "src\DBridge.Messaging.KafkaProducer\DBridge.Messaging.KafkaProducer.csproj", "{2BFE978A-A5A3-4304-8D7D-DBF1BF8113C9}"
EndProject
Project("{FAE04EC0-301F-11D3-BF4B-00C04F79EFBC}") = "KafkaConsumer.Worker", "src\KafkaConsumer.Worker\KafkaConsumer.Worker.csproj", "{06CF7FB1-4244-46FE-AE33-CD488D544C7A}"
EndProject
Project("{FAE04EC0-301F-11D3-BF4B-00C04F79EFBC}") = "KafkaProducer.Api", "src\KafkaProducer.Api\KafkaProducer.Api.csproj", "{8AB4B888-9086-40D6-BCBA-ECD6F505BAD9}"
EndProject
Global
	GlobalSection(SolutionConfigurationPlatforms) = preSolution
		Debug|Any CPU = Debug|Any CPU
		Release|Any CPU = Release|Any CPU
	EndGlobalSection
	GlobalSection(ProjectConfigurationPlatforms) = postSolution
		{EC75A9C3-0BD3-496A-9760-A3A670E9F51B}.Debug|Any CPU.ActiveCfg = Debug|Any CPU
		{EC75A9C3-0BD3-496A-9760-A3A670E9F51B}.Debug|Any CPU.Build.0 = Debug|Any CPU
		{EC75A9C3-0BD3-496A-9760-A3A670E9F51B}.Release|Any CPU.ActiveCfg = Release|Any CPU
		{EC75A9C3-0BD3-496A-9760-A3A670E9F51B}.Release|Any CPU.Build.0 = Release|Any CPU
		{2BFE978A-A5A3-4304-8D7D-DBF1BF8113C9}.Debug|Any CPU.ActiveCfg = Debug|Any CPU
		{2BFE978A-A5A3-4304-8D7D-DBF1BF8113C9}.Debug|Any CPU.Build.0 = Debug|Any CPU
		{2BFE978A-A5A3-4304-8D7D-DBF1BF8113C9}.Release|Any CPU.ActiveCfg = Release|Any CPU
		{2BFE978A-A5A3-4304-8D7D-DBF1BF8113C9}.Release|Any CPU.Build.0 = Release|Any CPU
		{06CF7FB1-4244-46FE-AE33-CD488D544C7A}.Debug|Any CPU.ActiveCfg = Debug|Any CPU
		{06CF7FB1-4244-46FE-AE33-CD488D544C7A}.Debug|Any CPU.Build.0 = Debug|Any CPU
		{06CF7FB1-4244-46FE-AE33-CD488D544C7A}.Release|Any CPU.ActiveCfg = Release|Any CPU
		{06CF7FB1-4244-46FE-AE33-CD488D544C7A}.Release|Any CPU.Build.0 = Release|Any CPU
		{8AB4B888-9086-40D6-BCBA-ECD6F505BAD9}.Debug|Any CPU.ActiveCfg = Debug|Any CPU
		{8AB4B888-9086-40D6-BCBA-ECD6F505BAD9}.Debug|Any CPU.Build.0 = Debug|Any CPU
		{8AB4B888-9086-40D6-BCBA-ECD6F505BAD9}.Release|Any CPU.ActiveCfg = Release|Any CPU
		{8AB4B888-9086-40D6-BCBA-ECD6F505BAD9}.Release|Any CPU.Build.0 = Release|Any CPU
	EndGlobalSection
	GlobalSection(SolutionProperties) = preSolution
		HideSolutionNode = FALSE
	EndGlobalSection
	GlobalSection(ExtensibilityGlobals) = postSolution
		SolutionGuid = {E1F8D69C-287F-4380-A21D-95225D22D287}
	EndGlobalSection
EndGlobal
